
Microsoft Visual Studio Solution File, Format Version 12.00
# Visual Studio Version 16
VisualStudioVersion = 16.0.30523.141
MinimumVisualStudioVersion = 10.0.40219.1
Project("{FAE04EC0-301F-11D3-BF4B-00C04F79EFBC}") = "Travis_Demo", "Travis_Demo\Travis_Demo.csproj", "{4F1D67E2-0561-42A1-9E46-1BE4ACA97B1F}"
EndProject
Global
	GlobalSection(SolutionConfigurationPlatforms) = preSolution
		Debug|Any CPU = Debug|Any CPU
		Release|Any CPU = Release|Any CPU
	EndGlobalSection
	GlobalSection(ProjectConfigurationPlatforms) = postSolution
		{4F1D67E2-0561-42A1-9E46-1BE4ACA97B1F}.Debug|Any CPU.ActiveCfg = Debug|Any CPU
		{4F1D67E2-0561-42A1-9E46-1BE4ACA97B1F}.Debug|Any CPU.Build.0 = Debug|Any CPU
		{4F1D67E2-0561-42A1-9E46-1BE4ACA97B1F}.Release|Any CPU.ActiveCfg = Release|Any CPU
		{4F1D67E2-0561-42A1-9E46-1BE4ACA97B1F}.Release|Any CPU.Build.0 = Release|Any CPU
	EndGlobalSection
	GlobalSection(SolutionProperties) = preSolution
		HideSolutionNode = FALSE
	EndGlobalSection
	GlobalSection(ExtensibilityGlobals) = postSolution
		SolutionGuid = {C89E4ADE-FE11-43EC-B625-402B5C05835B}
	EndGlobalSection
EndGlobal
